// !$*UTF8*$!
{
	archiveVersion = 1;
	classes = {
	};
	objectVersion = 46;
	objects = {

/* Begin PBXBuildFile section */
		4E17A514197C612B00D126E4 /* FrontViewControllerLabel.xib in Resources */ = {isa = PBXBuildFile; fileRef = 4ECAAF2316905A81005862CE /* FrontViewControllerLabel.xib */; };
		4E17A515197C613300D126E4 /* FrontViewControllerImage.xib in Resources */ = {isa = PBXBuildFile; fileRef = 4ECAAEF9169055FF005862CE /* FrontViewControllerImage.xib */; };
		4E17A516197C614200D126E4 /* RearTableViewController.xib in Resources */ = {isa = PBXBuildFile; fileRef = 4ECAAF2E16905DE9005862CE /* RearTableViewController.xib */; };
		4E17A517197C614500D126E4 /* RearMasterTableViewControllerv.xib in Resources */ = {isa = PBXBuildFile; fileRef = 4E523226169088D200A13268 /* RearMasterTableViewControllerv.xib */; };
		4E235CC6168F9C6500223C30 /* reveal-icon.png in Resources */ = {isa = PBXBuildFile; fileRef = 4E235CC4168F9C6500223C30 /* reveal-icon.png */; };
		4E235CC7168F9C6500223C30 /* reveal-icon@2x.png in Resources */ = {isa = PBXBuildFile; fileRef = 4E235CC5168F9C6500223C30 /* reveal-icon@2x.png */; };
		4E523227169088D200A13268 /* RearMasterTableViewController.m in Sources */ = {isa = PBXBuildFile; fileRef = 4E523225169088D200A13268 /* RearMasterTableViewController.m */; };
		4ECAAEFA169055FF005862CE /* FrontViewControllerImage.m in Sources */ = {isa = PBXBuildFile; fileRef = 4ECAAEF8169055FF005862CE /* FrontViewControllerImage.m */; };
		4ECAAF0E16905677005862CE /* airplane.png in Resources */ = {isa = PBXBuildFile; fileRef = 4ECAAEFD16905677005862CE /* airplane.png */; };
		4ECAAF0F16905677005862CE /* airplane@2x.png in Resources */ = {isa = PBXBuildFile; fileRef = 4ECAAEFE16905677005862CE /* airplane@2x.png */; };
		4ECAAF1016905677005862CE /* bg_blocks.jpg in Resources */ = {isa = PBXBuildFile; fileRef = 4ECAAEFF16905677005862CE /* bg_blocks.jpg */; };
		4ECAAF1116905677005862CE /* bg_flowers.jpg in Resources */ = {isa = PBXBuildFile; fileRef = 4ECAAF0016905677005862CE /* bg_flowers.jpg */; };
		4ECAAF1216905677005862CE /* bg_grass.jpg in Resources */ = {isa = PBXBuildFile; fileRef = 4ECAAF0116905677005862CE /* bg_grass.jpg */; };
		4ECAAF1316905677005862CE /* gift.png in Resources */ = {isa = PBXBuildFile; fileRef = 4ECAAF0216905677005862CE /* gift.png */; };
		4ECAAF1416905677005862CE /* gift@2x.png in Resources */ = {isa = PBXBuildFile; fileRef = 4ECAAF0316905677005862CE /* gift@2x.png */; };
		4ECAAF1516905677005862CE /* heart.png in Resources */ = {isa = PBXBuildFile; fileRef = 4ECAAF0416905677005862CE /* heart.png */; };
		4ECAAF1616905677005862CE /* heart@2x.png in Resources */ = {isa = PBXBuildFile; fileRef = 4ECAAF0516905677005862CE /* heart@2x.png */; };
		4ECAAF1716905677005862CE /* ipod.png in Resources */ = {isa = PBXBuildFile; fileRef = 4ECAAF0616905677005862CE /* ipod.png */; };
		4ECAAF1816905677005862CE /* ipod@2x.png in Resources */ = {isa = PBXBuildFile; fileRef = 4ECAAF0716905677005862CE /* ipod@2x.png */; };
		4ECAAF1B16905677005862CE /* skull.png in Resources */ = {isa = PBXBuildFile; fileRef = 4ECAAF0A16905677005862CE /* skull.png */; };
		4ECAAF1C16905677005862CE /* skull@2x.png in Resources */ = {isa = PBXBuildFile; fileRef = 4ECAAF0B16905677005862CE /* skull@2x.png */; };
		4ECAAF1D16905677005862CE /* star.png in Resources */ = {isa = PBXBuildFile; fileRef = 4ECAAF0C16905677005862CE /* star.png */; };
		4ECAAF1E16905677005862CE /* star@2x.png in Resources */ = {isa = PBXBuildFile; fileRef = 4ECAAF0D16905677005862CE /* star@2x.png */; };
		4ECAAF2416905A81005862CE /* FrontViewControllerLabel.m in Sources */ = {isa = PBXBuildFile; fileRef = 4ECAAF2216905A81005862CE /* FrontViewControllerLabel.m */; };
		4ECAAF2F16905DE9005862CE /* RearTableViewController.m in Sources */ = {isa = PBXBuildFile; fileRef = 4ECAAF2D16905DE9005862CE /* RearTableViewController.m */; };
		4EDE1D03168F0648005656D1 /* AppDelegate.m in Sources */ = {isa = PBXBuildFile; fileRef = 4EDE1D02168F0648005656D1 /* AppDelegate.m */; };
		4EDE1D0C168F06A5005656D1 /* SWRevealViewController.m in Sources */ = {isa = PBXBuildFile; fileRef = 4EDE1D0B168F06A5005656D1 /* SWRevealViewController.m */; };
		4EDE1D0F168F06D6005656D1 /* Default-568h@2x.png in Resources */ = {isa = PBXBuildFile; fileRef = 4EDE1D0E168F06D6005656D1 /* Default-568h@2x.png */; };
		4EDE1D11168F06E3005656D1 /* main.m in Sources */ = {isa = PBXBuildFile; fileRef = 4EDE1D10168F06E3005656D1 /* main.m */; };
		5E5A2D0014E0CD8D0042AE1E /* MapKit.framework in Frameworks */ = {isa = PBXBuildFile; fileRef = 5E5A2CFF14E0CD8D0042AE1E /* MapKit.framework */; };
		5E605BAA14A081F900853025 /* UIKit.framework in Frameworks */ = {isa = PBXBuildFile; fileRef = 5E605BA914A081F900853025 /* UIKit.framework */; };
		5E605BAC14A081F900853025 /* Foundation.framework in Frameworks */ = {isa = PBXBuildFile; fileRef = 5E605BAB14A081F900853025 /* Foundation.framework */; };
		5E605BAE14A081F900853025 /* CoreGraphics.framework in Frameworks */ = {isa = PBXBuildFile; fileRef = 5E605BAD14A081F900853025 /* CoreGraphics.framework */; };
		5E605BB414A081F900853025 /* InfoPlist.strings in Resources */ = {isa = PBXBuildFile; fileRef = 5E605BB214A081F900853025 /* InfoPlist.strings */; };
/* End PBXBuildFile section */

/* Begin PBXFileReference section */
		4E235CC4168F9C6500223C30 /* reveal-icon.png */ = {isa = PBXFileReference; lastKnownFileType = image.png; name = "reveal-icon.png"; path = "Resources/reveal-icon.png"; sourceTree = "<group>"; };
		4E235CC5168F9C6500223C30 /* reveal-icon@2x.png */ = {isa = PBXFileReference; lastKnownFileType = image.png; name = "reveal-icon@2x.png"; path = "Resources/reveal-icon@2x.png"; sourceTree = "<group>"; };
		4E523224169088D200A13268 /* RearMasterTableViewController.h */ = {isa = PBXFileReference; fileEncoding = 4; lastKnownFileType = sourcecode.c.h; path = RearMasterTableViewController.h; sourceTree = "<group>"; };
		4E523225169088D200A13268 /* RearMasterTableViewController.m */ = {isa = PBXFileReference; fileEncoding = 4; lastKnownFileType = sourcecode.c.objc; path = RearMasterTableViewController.m; sourceTree = "<group>"; };
		4E523226169088D200A13268 /* RearMasterTableViewControllerv.xib */ = {isa = PBXFileReference; fileEncoding = 4; lastKnownFileType = file.xib; path = RearMasterTableViewControllerv.xib; sourceTree = "<group>"; };
		4ECAAEF7169055FF005862CE /* FrontViewControllerImage.h */ = {isa = PBXFileReference; fileEncoding = 4; lastKnownFileType = sourcecode.c.h; path = FrontViewControllerImage.h; sourceTree = "<group>"; };
		4ECAAEF8169055FF005862CE /* FrontViewControllerImage.m */ = {isa = PBXFileReference; fileEncoding = 4; lastKnownFileType = sourcecode.c.objc; path = FrontViewControllerImage.m; sourceTree = "<group>"; };
		4ECAAEF9169055FF005862CE /* FrontViewControllerImage.xib */ = {isa = PBXFileReference; fileEncoding = 4; lastKnownFileType = file.xib; path = FrontViewControllerImage.xib; sourceTree = "<group>"; };
		4ECAAEFD16905677005862CE /* airplane.png */ = {isa = PBXFileReference; lastKnownFileType = image.png; name = airplane.png; path = Resources/airplane.png; sourceTree = "<group>"; };
		4ECAAEFE16905677005862CE /* airplane@2x.png */ = {isa = PBXFileReference; lastKnownFileType = image.png; name = "airplane@2x.png"; path = "Resources/airplane@2x.png"; sourceTree = "<group>"; };
		4ECAAEFF16905677005862CE /* bg_blocks.jpg */ = {isa = PBXFileReference; lastKnownFileType = image.jpeg; name = bg_blocks.jpg; path = Resources/bg_blocks.jpg; sourceTree = "<group>"; };
		4ECAAF0016905677005862CE /* bg_flowers.jpg */ = {isa = PBXFileReference; lastKnownFileType = image.jpeg; name = bg_flowers.jpg; path = Resources/bg_flowers.jpg; sourceTree = "<group>"; };
		4ECAAF0116905677005862CE /* bg_grass.jpg */ = {isa = PBXFileReference; lastKnownFileType = image.jpeg; name = bg_grass.jpg; path = Resources/bg_grass.jpg; sourceTree = "<group>"; };
		4ECAAF0216905677005862CE /* gift.png */ = {isa = PBXFileReference; lastKnownFileType = image.png; name = gift.png; path = Resources/gift.png; sourceTree = "<group>"; };
		4ECAAF0316905677005862CE /* gift@2x.png */ = {isa = PBXFileReference; lastKnownFileType = image.png; name = "gift@2x.png"; path = "Resources/gift@2x.png"; sourceTree = "<group>"; };
		4ECAAF0416905677005862CE /* heart.png */ = {isa = PBXFileReference; lastKnownFileType = image.png; name = heart.png; path = Resources/heart.png; sourceTree = "<group>"; };
		4ECAAF0516905677005862CE /* heart@2x.png */ = {isa = PBXFileReference; lastKnownFileType = image.png; name = "heart@2x.png"; path = "Resources/heart@2x.png"; sourceTree = "<group>"; };
		4ECAAF0616905677005862CE /* ipod.png */ = {isa = PBXFileReference; lastKnownFileType = image.png; name = ipod.png; path = Resources/ipod.png; sourceTree = "<group>"; };
		4ECAAF0716905677005862CE /* ipod@2x.png */ = {isa = PBXFileReference; lastKnownFileType = image.png; name = "ipod@2x.png"; path = "Resources/ipod@2x.png"; sourceTree = "<group>"; };
		4ECAAF0A16905677005862CE /* skull.png */ = {isa = PBXFileReference; lastKnownFileType = image.png; name = skull.png; path = Resources/skull.png; sourceTree = "<group>"; };
		4ECAAF0B16905677005862CE /* skull@2x.png */ = {isa = PBXFileReference; lastKnownFileType = image.png; name = "skull@2x.png"; path = "Resources/skull@2x.png"; sourceTree = "<group>"; };
		4ECAAF0C16905677005862CE /* star.png */ = {isa = PBXFileReference; lastKnownFileType = image.png; name = star.png; path = Resources/star.png; sourceTree = "<group>"; };
		4ECAAF0D16905677005862CE /* star@2x.png */ = {isa = PBXFileReference; lastKnownFileType = image.png; name = "star@2x.png"; path = "Resources/star@2x.png"; sourceTree = "<group>"; };
		4ECAAF2116905A81005862CE /* FrontViewControllerLabel.h */ = {isa = PBXFileReference; fileEncoding = 4; lastKnownFileType = sourcecode.c.h; path = FrontViewControllerLabel.h; sourceTree = "<group>"; };
		4ECAAF2216905A81005862CE /* FrontViewControllerLabel.m */ = {isa = PBXFileReference; fileEncoding = 4; lastKnownFileType = sourcecode.c.objc; path = FrontViewControllerLabel.m; sourceTree = "<group>"; };
		4ECAAF2316905A81005862CE /* FrontViewControllerLabel.xib */ = {isa = PBXFileReference; fileEncoding = 4; lastKnownFileType = file.xib; path = FrontViewControllerLabel.xib; sourceTree = "<group>"; };
		4ECAAF2C16905DE9005862CE /* RearTableViewController.h */ = {isa = PBXFileReference; fileEncoding = 4; lastKnownFileType = sourcecode.c.h; path = RearTableViewController.h; sourceTree = "<group>"; };
		4ECAAF2D16905DE9005862CE /* RearTableViewController.m */ = {isa = PBXFileReference; fileEncoding = 4; lastKnownFileType = sourcecode.c.objc; path = RearTableViewController.m; sourceTree = "<group>"; };
		4ECAAF2E16905DE9005862CE /* RearTableViewController.xib */ = {isa = PBXFileReference; fileEncoding = 4; lastKnownFileType = file.xib; path = RearTableViewController.xib; sourceTree = "<group>"; };
		4EDE1D02168F0648005656D1 /* AppDelegate.m */ = {isa = PBXFileReference; fileEncoding = 4; lastKnownFileType = sourcecode.c.objc; path = AppDelegate.m; sourceTree = "<group>"; };
		4EDE1D0B168F06A5005656D1 /* SWRevealViewController.m */ = {isa = PBXFileReference; fileEncoding = 4; lastKnownFileType = sourcecode.c.objc; path = SWRevealViewController.m; sourceTree = "<group>"; };
		4EDE1D0D168F06AF005656D1 /* SWRevealViewController.h */ = {isa = PBXFileReference; lastKnownFileType = sourcecode.c.h; path = SWRevealViewController.h; sourceTree = "<group>"; };
		4EDE1D0E168F06D6005656D1 /* Default-568h@2x.png */ = {isa = PBXFileReference; lastKnownFileType = image.png; path = "Default-568h@2x.png"; sourceTree = "<group>"; };
		4EDE1D10168F06E3005656D1 /* main.m */ = {isa = PBXFileReference; fileEncoding = 4; lastKnownFileType = sourcecode.c.objc; path = main.m; sourceTree = "<group>"; };
		5E5A2CFF14E0CD8D0042AE1E /* MapKit.framework */ = {isa = PBXFileReference; lastKnownFileType = wrapper.framework; name = MapKit.framework; path = System/Library/Frameworks/MapKit.framework; sourceTree = SDKROOT; };
		5E605BA514A081F900853025 /* RevealControllerProject.app */ = {isa = PBXFileReference; explicitFileType = wrapper.application; includeInIndex = 0; path = RevealControllerProject.app; sourceTree = BUILT_PRODUCTS_DIR; };
		5E605BA914A081F900853025 /* UIKit.framework */ = {isa = PBXFileReference; lastKnownFileType = wrapper.framework; name = UIKit.framework; path = System/Library/Frameworks/UIKit.framework; sourceTree = SDKROOT; };
		5E605BAB14A081F900853025 /* Foundation.framework */ = {isa = PBXFileReference; lastKnownFileType = wrapper.framework; name = Foundation.framework; path = System/Library/Frameworks/Foundation.framework; sourceTree = SDKROOT; };
		5E605BAD14A081F900853025 /* CoreGraphics.framework */ = {isa = PBXFileReference; lastKnownFileType = wrapper.framework; name = CoreGraphics.framework; path = System/Library/Frameworks/CoreGraphics.framework; sourceTree = SDKROOT; };
		5E605BB114A081F900853025 /* RevealControllerProject-Info.plist */ = {isa = PBXFileReference; lastKnownFileType = text.plist.xml; path = "RevealControllerProject-Info.plist"; sourceTree = "<group>"; };
		5E605BB314A081F900853025 /* en */ = {isa = PBXFileReference; lastKnownFileType = text.plist.strings; name = en; path = en.lproj/InfoPlist.strings; sourceTree = "<group>"; };
		5E605BB714A081F900853025 /* Project-Prefix.pch */ = {isa = PBXFileReference; lastKnownFileType = sourcecode.c.h; path = "Project-Prefix.pch"; sourceTree = "<group>"; };
		5E605BB814A081F900853025 /* AppDelegate.h */ = {isa = PBXFileReference; lastKnownFileType = sourcecode.c.h; path = AppDelegate.h; sourceTree = "<group>"; };
/* End PBXFileReference section */

/* Begin PBXFrameworksBuildPhase section */
		5E605BA214A081F900853025 /* Frameworks */ = {
			isa = PBXFrameworksBuildPhase;
			buildActionMask = 2147483647;
			files = (
				5E5A2D0014E0CD8D0042AE1E /* MapKit.framework in Frameworks */,
				5E605BAA14A081F900853025 /* UIKit.framework in Frameworks */,
				5E605BAC14A081F900853025 /* Foundation.framework in Frameworks */,
				5E605BAE14A081F900853025 /* CoreGraphics.framework in Frameworks */,
			);
			runOnlyForDeploymentPostprocessing = 0;
		};
/* End PBXFrameworksBuildPhase section */

/* Begin PBXGroup section */
		12410CC8152137DD00DE1CD9 /* SMRevealViewController */ = {
			isa = PBXGroup;
			children = (
				4EDE1D0D168F06AF005656D1 /* SWRevealViewController.h */,
				4EDE1D0B168F06A5005656D1 /* SWRevealViewController.m */,
				12410CC9152137DD00DE1CD9 /* Supporting Files */,
			);
			name = SMRevealViewController;
			path = ../SWRevealViewController;
			sourceTree = "<group>";
		};
		12410CC9152137DD00DE1CD9 /* Supporting Files */ = {
			isa = PBXGroup;
			children = (
			);
			name = "Supporting Files";
			sourceTree = "<group>";
		};
		4E235CC3168F9C4900223C30 /* Resources */ = {
			isa = PBXGroup;
			children = (
				4ECAAEFD16905677005862CE /* airplane.png */,
				4ECAAEFE16905677005862CE /* airplane@2x.png */,
				4ECAAEFF16905677005862CE /* bg_blocks.jpg */,
				4ECAAF0016905677005862CE /* bg_flowers.jpg */,
				4ECAAF0116905677005862CE /* bg_grass.jpg */,
				4ECAAF0216905677005862CE /* gift.png */,
				4ECAAF0316905677005862CE /* gift@2x.png */,
				4ECAAF0416905677005862CE /* heart.png */,
				4ECAAF0516905677005862CE /* heart@2x.png */,
				4ECAAF0616905677005862CE /* ipod.png */,
				4ECAAF0716905677005862CE /* ipod@2x.png */,
				4ECAAF0A16905677005862CE /* skull.png */,
				4ECAAF0B16905677005862CE /* skull@2x.png */,
				4ECAAF0C16905677005862CE /* star.png */,
				4ECAAF0D16905677005862CE /* star@2x.png */,
				4E235CC4168F9C6500223C30 /* reveal-icon.png */,
				4E235CC5168F9C6500223C30 /* reveal-icon@2x.png */,
			);
			name = Resources;
			sourceTree = "<group>";
		};
		4E5232221690887600A13268 /* RearMasterTableViewController */ = {
			isa = PBXGroup;
			children = (
				4E523224169088D200A13268 /* RearMasterTableViewController.h */,
				4E523225169088D200A13268 /* RearMasterTableViewController.m */,
				4E523226169088D200A13268 /* RearMasterTableViewControllerv.xib */,
			);
			name = RearMasterTableViewController;
			sourceTree = "<group>";
		};
		4ECAAEFC1690560C005862CE /* FrontViewControllerImage (Front) */ = {
			isa = PBXGroup;
			children = (
				4ECAAEF7169055FF005862CE /* FrontViewControllerImage.h */,
				4ECAAEF8169055FF005862CE /* FrontViewControllerImage.m */,
				4ECAAEF9169055FF005862CE /* FrontViewControllerImage.xib */,
			);
			name = "FrontViewControllerImage (Front)";
			sourceTree = "<group>";
		};
		4ECAAF2016905A12005862CE /* FrontViewControllerLabel (Front) */ = {
			isa = PBXGroup;
			children = (
				4ECAAF2116905A81005862CE /* FrontViewControllerLabel.h */,
				4ECAAF2216905A81005862CE /* FrontViewControllerLabel.m */,
				4ECAAF2316905A81005862CE /* FrontViewControllerLabel.xib */,
			);
			name = "FrontViewControllerLabel (Front)";
			sourceTree = "<group>";
		};
		4ECAAF2616905D20005862CE /* RearTableViewController */ = {
			isa = PBXGroup;
			children = (
				4ECAAF2C16905DE9005862CE /* RearTableViewController.h */,
				4ECAAF2D16905DE9005862CE /* RearTableViewController.m */,
				4ECAAF2E16905DE9005862CE /* RearTableViewController.xib */,
			);
			name = RearTableViewController;
			sourceTree = "<group>";
		};
		5E605B9A14A081F900853025 = {
			isa = PBXGroup;
			children = (
				5E605BAF14A081F900853025 /* RevealControllerProject */,
				12410CC8152137DD00DE1CD9 /* SMRevealViewController */,
				5E605BA814A081F900853025 /* Frameworks */,
				5E605BA614A081F900853025 /* Products */,
			);
			sourceTree = "<group>";
		};
		5E605BA614A081F900853025 /* Products */ = {
			isa = PBXGroup;
			children = (
				5E605BA514A081F900853025 /* RevealControllerProject.app */,
			);
			name = Products;
			sourceTree = "<group>";
		};
		5E605BA814A081F900853025 /* Frameworks */ = {
			isa = PBXGroup;
			children = (
				5E5A2CFF14E0CD8D0042AE1E /* MapKit.framework */,
				5E605BA914A081F900853025 /* UIKit.framework */,
				5E605BAB14A081F900853025 /* Foundation.framework */,
				5E605BAD14A081F900853025 /* CoreGraphics.framework */,
			);
			name = Frameworks;
			sourceTree = "<group>";
		};
		5E605BAF14A081F900853025 /* RevealControllerProject */ = {
			isa = PBXGroup;
			children = (
				5E605BB814A081F900853025 /* AppDelegate.h */,
				4EDE1D02168F0648005656D1 /* AppDelegate.m */,
				4E5232221690887600A13268 /* RearMasterTableViewController */,
				4ECAAF2616905D20005862CE /* RearTableViewController */,
				4ECAAF2016905A12005862CE /* FrontViewControllerLabel (Front) */,
				4ECAAEFC1690560C005862CE /* FrontViewControllerImage (Front) */,
				5E605BB014A081F900853025 /* Supporting Files */,
				4E235CC3168F9C4900223C30 /* Resources */,
			);
			name = RevealControllerProject;
			path = RevealControllerProject3;
			sourceTree = "<group>";
		};
		5E605BB014A081F900853025 /* Supporting Files */ = {
			isa = PBXGroup;
			children = (
				5E605BB114A081F900853025 /* RevealControllerProject-Info.plist */,
				5E605BB214A081F900853025 /* InfoPlist.strings */,
				5E605BB714A081F900853025 /* Project-Prefix.pch */,
				4EDE1D0E168F06D6005656D1 /* Default-568h@2x.png */,
				4EDE1D10168F06E3005656D1 /* main.m */,
			);
			name = "Supporting Files";
			sourceTree = "<group>";
		};
/* End PBXGroup section */

/* Begin PBXNativeTarget section */
		5E605BA414A081F900853025 /* RevealControllerProject */ = {
			isa = PBXNativeTarget;
			buildConfigurationList = 5E605BC614A081F900853025 /* Build configuration list for PBXNativeTarget "RevealControllerProject" */;
			buildPhases = (
				5E605BA114A081F900853025 /* Sources */,
				5E605BA214A081F900853025 /* Frameworks */,
				5E605BA314A081F900853025 /* Resources */,
			);
			buildRules = (
			);
			dependencies = (
			);
			name = RevealControllerProject;
			productName = RevealControllerProject;
			productReference = 5E605BA514A081F900853025 /* RevealControllerProject.app */;
			productType = "com.apple.product-type.application";
		};
/* End PBXNativeTarget section */

/* Begin PBXProject section */
		5E605B9C14A081F900853025 /* Project object */ = {
			isa = PBXProject;
			attributes = {
				LastUpgradeCheck = 0430;
			};
			buildConfigurationList = 5E605B9F14A081F900853025 /* Build configuration list for PBXProject "RevealControllerProject3" */;
			compatibilityVersion = "Xcode 3.2";
			developmentRegion = English;
			hasScannedForEncodings = 0;
			knownRegions = (
				en,
			);
			mainGroup = 5E605B9A14A081F900853025;
			productRefGroup = 5E605BA614A081F900853025 /* Products */;
			projectDirPath = "";
			projectRoot = "";
			targets = (
				5E605BA414A081F900853025 /* RevealControllerProject */,
			);
		};
/* End PBXProject section */

/* Begin PBXResourcesBuildPhase section */
		5E605BA314A081F900853025 /* Resources */ = {
			isa = PBXResourcesBuildPhase;
			buildActionMask = 2147483647;
			files = (
				5E605BB414A081F900853025 /* InfoPlist.strings in Resources */,
				4E17A515197C613300D126E4 /* FrontViewControllerImage.xib in Resources */,
				4EDE1D0F168F06D6005656D1 /* Default-568h@2x.png in Resources */,
				4E235CC6168F9C6500223C30 /* reveal-icon.png in Resources */,
				4E235CC7168F9C6500223C30 /* reveal-icon@2x.png in Resources */,
				4ECAAF0E16905677005862CE /* airplane.png in Resources */,
				4ECAAF0F16905677005862CE /* airplane@2x.png in Resources */,
				4ECAAF1016905677005862CE /* bg_blocks.jpg in Resources */,
				4ECAAF1116905677005862CE /* bg_flowers.jpg in Resources */,
				4ECAAF1216905677005862CE /* bg_grass.jpg in Resources */,
				4ECAAF1316905677005862CE /* gift.png in Resources */,
				4E17A516197C614200D126E4 /* RearTableViewController.xib in Resources */,
				4ECAAF1416905677005862CE /* gift@2x.png in Resources */,
				4ECAAF1516905677005862CE /* heart.png in Resources */,
				4ECAAF1616905677005862CE /* heart@2x.png in Resources */,
				4E17A517197C614500D126E4 /* RearMasterTableViewControllerv.xib in Resources */,
				4E17A514197C612B00D126E4 /* FrontViewControllerLabel.xib in Resources */,
				4ECAAF1716905677005862CE /* ipod.png in Resources */,
				4ECAAF1816905677005862CE /* ipod@2x.png in Resources */,
				4ECAAF1B16905677005862CE /* skull.png in Resources */,
				4ECAAF1C16905677005862CE /* skull@2x.png in Resources */,
				4ECAAF1D16905677005862CE /* star.png in Resources */,
				4ECAAF1E16905677005862CE /* star@2x.png in Resources */,
			);
			runOnlyForDeploymentPostprocessing = 0;
		};
/* End PBXResourcesBuildPhase section */

/* Begin PBXSourcesBuildPhase section */
		5E605BA114A081F900853025 /* Sources */ = {
			isa = PBXSourcesBuildPhase;
			buildActionMask = 2147483647;
			files = (
				4EDE1D03168F0648005656D1 /* AppDelegate.m in Sources */,
				4EDE1D0C168F06A5005656D1 /* SWRevealViewController.m in Sources */,
				4EDE1D11168F06E3005656D1 /* main.m in Sources */,
				4ECAAEFA169055FF005862CE /* FrontViewControllerImage.m in Sources */,
				4ECAAF2416905A81005862CE /* FrontViewControllerLabel.m in Sources */,
				4ECAAF2F16905DE9005862CE /* RearTableViewController.m in Sources */,
				4E523227169088D200A13268 /* RearMasterTableViewController.m in Sources */,
			);
			runOnlyForDeploymentPostprocessing = 0;
		};
/* End PBXSourcesBuildPhase section */

/* Begin PBXVariantGroup section */
		5E605BB214A081F900853025 /* InfoPlist.strings */ = {
			isa = PBXVariantGroup;
			children = (
				5E605BB314A081F900853025 /* en */,
			);
			name = InfoPlist.strings;
			sourceTree = "<group>";
		};
/* End PBXVariantGroup section */

/* Begin XCBuildConfiguration section */
		5E605BC414A081F900853025 /* Debug */ = {
			isa = XCBuildConfiguration;
			buildSettings = {
				ALWAYS_SEARCH_USER_PATHS = NO;
				ARCHS = "$(ARCHS_STANDARD_32_BIT)";
				CLANG_ENABLE_OBJC_ARC = YES;
				CLANG_WARN_OBJCPP_ARC_ABI = YES;
				"CODE_SIGN_IDENTITY[sdk=iphoneos*]" = "iPhone Developer";
				COPY_PHASE_STRIP = NO;
				GCC_C_LANGUAGE_STANDARD = gnu99;
				GCC_DYNAMIC_NO_PIC = NO;
				GCC_OPTIMIZATION_LEVEL = 0;
				GCC_PREPROCESSOR_DEFINITIONS = (
					"DEBUG=1",
					"$(inherited)",
				);
				GCC_SYMBOLS_PRIVATE_EXTERN = NO;
				GCC_VERSION = com.apple.compilers.llvm.clang.1_0;
				GCC_WARN_ABOUT_MISSING_PROTOTYPES = YES;
				GCC_WARN_ABOUT_RETURN_TYPE = YES;
				GCC_WARN_UNUSED_VARIABLE = YES;
				IPHONEOS_DEPLOYMENT_TARGET = 6.0;
				"PROVISIONING_PROFILE[sdk=iphoneos*]" = "";
				SDKROOT = iphoneos;
				TARGETED_DEVICE_FAMILY = "1,2";
			};
			name = Debug;
		};
		5E605BC514A081F900853025 /* Release */ = {
			isa = XCBuildConfiguration;
			buildSettings = {
				ALWAYS_SEARCH_USER_PATHS = NO;
				ARCHS = "$(ARCHS_STANDARD_32_BIT)";
				CLANG_ENABLE_OBJC_ARC = YES;
				CLANG_WARN_OBJCPP_ARC_ABI = YES;
				"CODE_SIGN_IDENTITY[sdk=iphoneos*]" = "iPhone Developer";
				COPY_PHASE_STRIP = YES;
				GCC_C_LANGUAGE_STANDARD = gnu99;
				GCC_VERSION = com.apple.compilers.llvm.clang.1_0;
				GCC_WARN_ABOUT_MISSING_PROTOTYPES = YES;
				GCC_WARN_ABOUT_RETURN_TYPE = YES;
				GCC_WARN_UNUSED_VARIABLE = YES;
				IPHONEOS_DEPLOYMENT_TARGET = 6.0;
				OTHER_CFLAGS = "-DNS_BLOCK_ASSERTIONS=1";
				SDKROOT = iphoneos;
				TARGETED_DEVICE_FAMILY = "1,2";
				VALIDATE_PRODUCT = YES;
			};
			name = Release;
		};
		5E605BC714A081F900853025 /* Debug */ = {
			isa = XCBuildConfiguration;
			buildSettings = {
				CODE_SIGN_IDENTITY = "iPhone Developer";
				GCC_PRECOMPILE_PREFIX_HEADER = YES;
				GCC_PREFIX_HEADER = "RevealControllerProject3/Project-Prefix.pch";
				INFOPLIST_FILE = "RevealControllerProject3/RevealControllerProject-Info.plist";
				PRODUCT_NAME = "$(TARGET_NAME)";
				PROVISIONING_PROFILE = "";
				WRAPPER_EXTENSION = app;
			};
			name = Debug;
		};
		5E605BC814A081F900853025 /* Release */ = {
			isa = XCBuildConfiguration;
			buildSettings = {
				CODE_SIGN_IDENTITY = "iPhone Developer";
				GCC_PRECOMPILE_PREFIX_HEADER = YES;
				GCC_PREFIX_HEADER = "RevealControllerProject3/Project-Prefix.pch";
				INFOPLIST_FILE = "RevealControllerProject3/RevealControllerProject-Info.plist";
				PRODUCT_NAME = "$(TARGET_NAME)";
				PROVISIONING_PROFILE = "";
				WRAPPER_EXTENSION = app;
			};
			name = Release;
		};
/* End XCBuildConfiguration section */

/* Begin XCConfigurationList section */
		5E605B9F14A081F900853025 /* Build configuration list for PBXProject "RevealControllerProject3" */ = {
			isa = XCConfigurationList;
			buildConfigurations = (
				5E605BC414A081F900853025 /* Debug */,
				5E605BC514A081F900853025 /* Release */,
			);
			defaultConfigurationIsVisible = 0;
			defaultConfigurationName = Release;
		};
		5E605BC614A081F900853025 /* Build configuration list for PBXNativeTarget "RevealControllerProject" */ = {
			isa = XCConfigurationList;
			buildConfigurations = (
				5E605BC714A081F900853025 /* Debug */,
				5E605BC814A081F900853025 /* Release */,
			);
			defaultConfigurationIsVisible = 0;
			defaultConfigurationName = Release;
		};
/* End XCConfigurationList section */
	};
	rootObject = 5E605B9C14A081F900853025 /* Project object */;
}
