// !$*UTF8*$!
{
	archiveVersion = 1;
	classes = {
	};
	objectVersion = 46;
	objects = {

/* Begin PBXBuildFile section */
		4E235CB6168F92EF00223C30 /* RearViewController.m in Sources */ = {isa = PBXBuildFile; fileRef = 4E235CB5168F92EF00223C30 /* RearViewController.m */; };
		4E235CBE168F931300223C30 /* FrontViewController.m in Sources */ = {isa = PBXBuildFile; fileRef = 4E235CBD168F931300223C30 /* FrontViewController.m */; };
		4E235CC1168F932000223C30 /* MapViewController.m in Sources */ = {isa = PBXBuildFile; fileRef = 4E235CC0168F932000223C30 /* MapViewController.m */; };
		4E235CC6168F9C6500223C30 /* reveal-icon.png in Resources */ = {isa = PBXBuildFile; fileRef = 4E235CC4168F9C6500223C30 /* reveal-icon.png */; };
		4E235CC7168F9C6500223C30 /* reveal-icon@2x.png in Resources */ = {isa = PBXBuildFile; fileRef = 4E235CC5168F9C6500223C30 /* reveal-icon@2x.png */; };
		4EDE1D03168F0648005656D1 /* AppDelegate.m in Sources */ = {isa = PBXBuildFile; fileRef = 4EDE1D02168F0648005656D1 /* AppDelegate.m */; };
		4EDE1D0C168F06A5005656D1 /* SWRevealViewController.m in Sources */ = {isa = PBXBuildFile; fileRef = 4EDE1D0B168F06A5005656D1 /* SWRevealViewController.m */; };
		4EDE1D0F168F06D6005656D1 /* Default-568h@2x.png in Resources */ = {isa = PBXBuildFile; fileRef = 4EDE1D0E168F06D6005656D1 /* Default-568h@2x.png */; };
		4EDE1D11168F06E3005656D1 /* main.m in Sources */ = {isa = PBXBuildFile; fileRef = 4EDE1D10168F06E3005656D1 /* main.m */; };
		5E1EFE1514A0BA4F008062C1 /* FrontViewController.xib in Resources */ = {isa = PBXBuildFile; fileRef = 5E1EFE0E14A0BA4F008062C1 /* FrontViewController.xib */; };
		5E1EFE1714A0BA4F008062C1 /* RearViewController.xib in Resources */ = {isa = PBXBuildFile; fileRef = 5E1EFE1214A0BA4F008062C1 /* RearViewController.xib */; };
		5E5A2D0014E0CD8D0042AE1E /* MapKit.framework in Frameworks */ = {isa = PBXBuildFile; fileRef = 5E5A2CFF14E0CD8D0042AE1E /* MapKit.framework */; };
		5E5A2D0914E0D1600042AE1E /* MapViewController.xib in Resources */ = {isa = PBXBuildFile; fileRef = 5E5A2D0614E0D1600042AE1E /* MapViewController.xib */; };
		5E605BAA14A081F900853025 /* UIKit.framework in Frameworks */ = {isa = PBXBuildFile; fileRef = 5E605BA914A081F900853025 /* UIKit.framework */; };
		5E605BAC14A081F900853025 /* Foundation.framework in Frameworks */ = {isa = PBXBuildFile; fileRef = 5E605BAB14A081F900853025 /* Foundation.framework */; };
		5E605BAE14A081F900853025 /* CoreGraphics.framework in Frameworks */ = {isa = PBXBuildFile; fileRef = 5E605BAD14A081F900853025 /* CoreGraphics.framework */; };
		5E605BB414A081F900853025 /* InfoPlist.strings in Resources */ = {isa = PBXBuildFile; fileRef = 5E605BB214A081F900853025 /* InfoPlist.strings */; };
/* End PBXBuildFile section */

/* Begin PBXFileReference section */
		4E235CB5168F92EF00223C30 /* RearViewController.m */ = {isa = PBXFileReference; fileEncoding = 4; lastKnownFileType = sourcecode.c.objc; path = RearViewController.m; sourceTree = "<group>"; };
		4E235CB8168F92F700223C30 /* RearViewController.h */ = {isa = PBXFileReference; fileEncoding = 4; lastKnownFileType = sourcecode.c.h; path = RearViewController.h; sourceTree = "<group>"; };
		4E235CBC168F931300223C30 /* FrontViewController.h */ = {isa = PBXFileReference; fileEncoding = 4; lastKnownFileType = sourcecode.c.h; path = FrontViewController.h; sourceTree = "<group>"; };
		4E235CBD168F931300223C30 /* FrontViewController.m */ = {isa = PBXFileReference; fileEncoding = 4; lastKnownFileType = sourcecode.c.objc; path = FrontViewController.m; sourceTree = "<group>"; };
		4E235CBF168F932000223C30 /* MapViewController.h */ = {isa = PBXFileReference; fileEncoding = 4; lastKnownFileType = sourcecode.c.h; path = MapViewController.h; sourceTree = "<group>"; };
		4E235CC0168F932000223C30 /* MapViewController.m */ = {isa = PBXFileReference; fileEncoding = 4; lastKnownFileType = sourcecode.c.objc; path = MapViewController.m; sourceTree = "<group>"; };
		4E235CC4168F9C6500223C30 /* reveal-icon.png */ = {isa = PBXFileReference; lastKnownFileType = image.png; name = "reveal-icon.png"; path = "Resources/reveal-icon.png"; sourceTree = "<group>"; };
		4E235CC5168F9C6500223C30 /* reveal-icon@2x.png */ = {isa = PBXFileReference; lastKnownFileType = image.png; name = "reveal-icon@2x.png"; path = "Resources/reveal-icon@2x.png"; sourceTree = "<group>"; };
		4EDE1D02168F0648005656D1 /* AppDelegate.m */ = {isa = PBXFileReference; fileEncoding = 4; lastKnownFileType = sourcecode.c.objc; path = AppDelegate.m; sourceTree = "<group>"; };
		4EDE1D0B168F06A5005656D1 /* SWRevealViewController.m */ = {isa = PBXFileReference; fileEncoding = 4; lastKnownFileType = sourcecode.c.objc; path = SWRevealViewController.m; sourceTree = "<group>"; };
		4EDE1D0D168F06AF005656D1 /* SWRevealViewController.h */ = {isa = PBXFileReference; lastKnownFileType = sourcecode.c.h; path = SWRevealViewController.h; sourceTree = "<group>"; };
		4EDE1D0E168F06D6005656D1 /* Default-568h@2x.png */ = {isa = PBXFileReference; lastKnownFileType = image.png; path = "Default-568h@2x.png"; sourceTree = "<group>"; };
		4EDE1D10168F06E3005656D1 /* main.m */ = {isa = PBXFileReference; fileEncoding = 4; lastKnownFileType = sourcecode.c.objc; path = main.m; sourceTree = "<group>"; };
		5E1EFE0F14A0BA4F008062C1 /* en */ = {isa = PBXFileReference; lastKnownFileType = file.xib; name = en; path = en.lproj/FrontViewController.xib; sourceTree = "<group>"; };
		5E1EFE1314A0BA4F008062C1 /* en */ = {isa = PBXFileReference; lastKnownFileType = file.xib; name = en; path = en.lproj/RearViewController.xib; sourceTree = "<group>"; };
		5E5A2CFF14E0CD8D0042AE1E /* MapKit.framework */ = {isa = PBXFileReference; lastKnownFileType = wrapper.framework; name = MapKit.framework; path = System/Library/Frameworks/MapKit.framework; sourceTree = SDKROOT; };
		5E5A2D0714E0D1600042AE1E /* en */ = {isa = PBXFileReference; lastKnownFileType = file.xib; name = en; path = en.lproj/MapViewController.xib; sourceTree = "<group>"; };
		5E605BA514A081F900853025 /* RevealControllerProject.app */ = {isa = PBXFileReference; explicitFileType = wrapper.application; includeInIndex = 0; path = RevealControllerProject.app; sourceTree = BUILT_PRODUCTS_DIR; };
		5E605BA914A081F900853025 /* UIKit.framework */ = {isa = PBXFileReference; lastKnownFileType = wrapper.framework; name = UIKit.framework; path = System/Library/Frameworks/UIKit.framework; sourceTree = SDKROOT; };
		5E605BAB14A081F900853025 /* Foundation.framework */ = {isa = PBXFileReference; lastKnownFileType = wrapper.framework; name = Foundation.framework; path = System/Library/Frameworks/Foundation.framework; sourceTree = SDKROOT; };
		5E605BAD14A081F900853025 /* CoreGraphics.framework */ = {isa = PBXFileReference; lastKnownFileType = wrapper.framework; name = CoreGraphics.framework; path = System/Library/Frameworks/CoreGraphics.framework; sourceTree = SDKROOT; };
		5E605BB114A081F900853025 /* RevealControllerProject-Info.plist */ = {isa = PBXFileReference; lastKnownFileType = text.plist.xml; path = "RevealControllerProject-Info.plist"; sourceTree = "<group>"; };
		5E605BB314A081F900853025 /* en */ = {isa = PBXFileReference; lastKnownFileType = text.plist.strings; name = en; path = en.lproj/InfoPlist.strings; sourceTree = "<group>"; };
		5E605BB714A081F900853025 /* Project-Prefix.pch */ = {isa = PBXFileReference; lastKnownFileType = sourcecode.c.h; path = "Project-Prefix.pch"; sourceTree = "<group>"; };
		5E605BB814A081F900853025 /* AppDelegate.h */ = {isa = PBXFileReference; lastKnownFileType = sourcecode.c.h; path = AppDelegate.h; sourceTree = "<group>"; };
/* End PBXFileReference section */

/* Begin PBXFrameworksBuildPhase section */
		5E605BA214A081F900853025 /* Frameworks */ = {
			isa = PBXFrameworksBuildPhase;
			buildActionMask = 2147483647;
			files = (
				5E5A2D0014E0CD8D0042AE1E /* MapKit.framework in Frameworks */,
				5E605BAA14A081F900853025 /* UIKit.framework in Frameworks */,
				5E605BAC14A081F900853025 /* Foundation.framework in Frameworks */,
				5E605BAE14A081F900853025 /* CoreGraphics.framework in Frameworks */,
			);
			runOnlyForDeploymentPostprocessing = 0;
		};
/* End PBXFrameworksBuildPhase section */

/* Begin PBXGroup section */
		12410CC8152137DD00DE1CD9 /* SMRevealViewController */ = {
			isa = PBXGroup;
			children = (
				4EDE1D0D168F06AF005656D1 /* SWRevealViewController.h */,
				4EDE1D0B168F06A5005656D1 /* SWRevealViewController.m */,
				12410CC9152137DD00DE1CD9 /* Supporting Files */,
			);
			name = SMRevealViewController;
			path = ../SWRevealViewController;
			sourceTree = "<group>";
		};
		12410CC9152137DD00DE1CD9 /* Supporting Files */ = {
			isa = PBXGroup;
			children = (
			);
			name = "Supporting Files";
			sourceTree = "<group>";
		};
		4E235CC3168F9C4900223C30 /* Resources */ = {
			isa = PBXGroup;
			children = (
				4E235CC4168F9C6500223C30 /* reveal-icon.png */,
				4E235CC5168F9C6500223C30 /* reveal-icon@2x.png */,
			);
			name = Resources;
			sourceTree = "<group>";
		};
		5E5A2CF314E0CB760042AE1E /* FrontViewController (Front) */ = {
			isa = PBXGroup;
			children = (
				4E235CBC168F931300223C30 /* FrontViewController.h */,
				4E235CBD168F931300223C30 /* FrontViewController.m */,
				5E1EFE0E14A0BA4F008062C1 /* FrontViewController.xib */,
			);
			name = "FrontViewController (Front)";
			sourceTree = "<group>";
		};
		5E5A2CF414E0CB860042AE1E /* RearViewController (Rear) */ = {
			isa = PBXGroup;
			children = (
				4E235CB8168F92F700223C30 /* RearViewController.h */,
				4E235CB5168F92EF00223C30 /* RearViewController.m */,
				5E1EFE1214A0BA4F008062C1 /* RearViewController.xib */,
			);
			name = "RearViewController (Rear)";
			sourceTree = "<group>";
		};
		5E5A2CF514E0CB9E0042AE1E /* MapViewController (Front) */ = {
			isa = PBXGroup;
			children = (
				4E235CBF168F932000223C30 /* MapViewController.h */,
				4E235CC0168F932000223C30 /* MapViewController.m */,
				5E5A2D0614E0D1600042AE1E /* MapViewController.xib */,
			);
			name = "MapViewController (Front)";
			sourceTree = "<group>";
		};
		5E605B9A14A081F900853025 = {
			isa = PBXGroup;
			children = (
				5E605BAF14A081F900853025 /* RevealControllerProject */,
				12410CC8152137DD00DE1CD9 /* SMRevealViewController */,
				5E605BA814A081F900853025 /* Frameworks */,
				5E605BA614A081F900853025 /* Products */,
			);
			sourceTree = "<group>";
		};
		5E605BA614A081F900853025 /* Products */ = {
			isa = PBXGroup;
			children = (
				5E605BA514A081F900853025 /* RevealControllerProject.app */,
			);
			name = Products;
			sourceTree = "<group>";
		};
		5E605BA814A081F900853025 /* Frameworks */ = {
			isa = PBXGroup;
			children = (
				5E5A2CFF14E0CD8D0042AE1E /* MapKit.framework */,
				5E605BA914A081F900853025 /* UIKit.framework */,
				5E605BAB14A081F900853025 /* Foundation.framework */,
				5E605BAD14A081F900853025 /* CoreGraphics.framework */,
			);
			name = Frameworks;
			sourceTree = "<group>";
		};
		5E605BAF14A081F900853025 /* RevealControllerProject */ = {
			isa = PBXGroup;
			children = (
				5E605BB814A081F900853025 /* AppDelegate.h */,
				4EDE1D02168F0648005656D1 /* AppDelegate.m */,
				5E5A2CF414E0CB860042AE1E /* RearViewController (Rear) */,
				5E5A2CF314E0CB760042AE1E /* FrontViewController (Front) */,
				5E5A2CF514E0CB9E0042AE1E /* MapViewController (Front) */,
				5E605BB014A081F900853025 /* Supporting Files */,
				4E235CC3168F9C4900223C30 /* Resources */,
			);
			name = RevealControllerProject;
			path = RevealControllerProject2;
			sourceTree = "<group>";
		};
		5E605BB014A081F900853025 /* Supporting Files */ = {
			isa = PBXGroup;
			children = (
				5E605BB114A081F900853025 /* RevealControllerProject-Info.plist */,
				5E605BB214A081F900853025 /* InfoPlist.strings */,
				5E605BB714A081F900853025 /* Project-Prefix.pch */,
				4EDE1D0E168F06D6005656D1 /* Default-568h@2x.png */,
				4EDE1D10168F06E3005656D1 /* main.m */,
			);
			name = "Supporting Files";
			sourceTree = "<group>";
		};
/* End PBXGroup section */

/* Begin PBXNativeTarget section */
		5E605BA414A081F900853025 /* RevealControllerProject */ = {
			isa = PBXNativeTarget;
			buildConfigurationList = 5E605BC614A081F900853025 /* Build configuration list for PBXNativeTarget "RevealControllerProject" */;
			buildPhases = (
				5E605BA114A081F900853025 /* Sources */,
				5E605BA214A081F900853025 /* Frameworks */,
				5E605BA314A081F900853025 /* Resources */,
			);
			buildRules = (
			);
			dependencies = (
			);
			name = RevealControllerProject;
			productName = RevealControllerProject;
			productReference = 5E605BA514A081F900853025 /* RevealControllerProject.app */;
			productType = "com.apple.product-type.application";
		};
/* End PBXNativeTarget section */

/* Begin PBXProject section */
		5E605B9C14A081F900853025 /* Project object */ = {
			isa = PBXProject;
			attributes = {
				LastUpgradeCheck = 0430;
			};
			buildConfigurationList = 5E605B9F14A081F900853025 /* Build configuration list for PBXProject "RevealControllerProject2" */;
			compatibilityVersion = "Xcode 3.2";
			developmentRegion = English;
			hasScannedForEncodings = 0;
			knownRegions = (
				en,
			);
			mainGroup = 5E605B9A14A081F900853025;
			productRefGroup = 5E605BA614A081F900853025 /* Products */;
			projectDirPath = "";
			projectRoot = "";
			targets = (
				5E605BA414A081F900853025 /* RevealControllerProject */,
			);
		};
/* End PBXProject section */

/* Begin PBXResourcesBuildPhase section */
		5E605BA314A081F900853025 /* Resources */ = {
			isa = PBXResourcesBuildPhase;
			buildActionMask = 2147483647;
			files = (
				5E605BB414A081F900853025 /* InfoPlist.strings in Resources */,
				5E1EFE1514A0BA4F008062C1 /* FrontViewController.xib in Resources */,
				5E1EFE1714A0BA4F008062C1 /* RearViewController.xib in Resources */,
				5E5A2D0914E0D1600042AE1E /* MapViewController.xib in Resources */,
				4EDE1D0F168F06D6005656D1 /* Default-568h@2x.png in Resources */,
				4E235CC6168F9C6500223C30 /* reveal-icon.png in Resources */,
				4E235CC7168F9C6500223C30 /* reveal-icon@2x.png in Resources */,
			);
			runOnlyForDeploymentPostprocessing = 0;
		};
/* End PBXResourcesBuildPhase section */

/* Begin PBXSourcesBuildPhase section */
		5E605BA114A081F900853025 /* Sources */ = {
			isa = PBXSourcesBuildPhase;
			buildActionMask = 2147483647;
			files = (
				4EDE1D03168F0648005656D1 /* AppDelegate.m in Sources */,
				4EDE1D0C168F06A5005656D1 /* SWRevealViewController.m in Sources */,
				4EDE1D11168F06E3005656D1 /* main.m in Sources */,
				4E235CB6168F92EF00223C30 /* RearViewController.m in Sources */,
				4E235CBE168F931300223C30 /* FrontViewController.m in Sources */,
				4E235CC1168F932000223C30 /* MapViewController.m in Sources */,
			);
			runOnlyForDeploymentPostprocessing = 0;
		};
/* End PBXSourcesBuildPhase section */

/* Begin PBXVariantGroup section */
		5E1EFE0E14A0BA4F008062C1 /* FrontViewController.xib */ = {
			isa = PBXVariantGroup;
			children = (
				5E1EFE0F14A0BA4F008062C1 /* en */,
			);
			name = FrontViewController.xib;
			sourceTree = "<group>";
		};
		5E1EFE1214A0BA4F008062C1 /* RearViewController.xib */ = {
			isa = PBXVariantGroup;
			children = (
				5E1EFE1314A0BA4F008062C1 /* en */,
			);
			name = RearViewController.xib;
			sourceTree = "<group>";
		};
		5E5A2D0614E0D1600042AE1E /* MapViewController.xib */ = {
			isa = PBXVariantGroup;
			children = (
				5E5A2D0714E0D1600042AE1E /* en */,
			);
			name = MapViewController.xib;
			sourceTree = "<group>";
		};
		5E605BB214A081F900853025 /* InfoPlist.strings */ = {
			isa = PBXVariantGroup;
			children = (
				5E605BB314A081F900853025 /* en */,
			);
			name = InfoPlist.strings;
			sourceTree = "<group>";
		};
/* End PBXVariantGroup section */

/* Begin XCBuildConfiguration section */
		5E605BC414A081F900853025 /* Debug */ = {
			isa = XCBuildConfiguration;
			buildSettings = {
				ALWAYS_SEARCH_USER_PATHS = NO;
				ARCHS = "$(ARCHS_STANDARD_32_BIT)";
				CLANG_ENABLE_OBJC_ARC = YES;
				CLANG_WARN_OBJCPP_ARC_ABI = YES;
				"CODE_SIGN_IDENTITY[sdk=iphoneos*]" = "iPhone Developer";
				COPY_PHASE_STRIP = NO;
				GCC_C_LANGUAGE_STANDARD = gnu99;
				GCC_DYNAMIC_NO_PIC = NO;
				GCC_OPTIMIZATION_LEVEL = 0;
				GCC_PREPROCESSOR_DEFINITIONS = (
					"DEBUG=1",
					"$(inherited)",
				);
				GCC_SYMBOLS_PRIVATE_EXTERN = NO;
				GCC_VERSION = com.apple.compilers.llvm.clang.1_0;
				GCC_WARN_ABOUT_MISSING_PROTOTYPES = YES;
				GCC_WARN_ABOUT_RETURN_TYPE = YES;
				GCC_WARN_UNUSED_VARIABLE = YES;
				IPHONEOS_DEPLOYMENT_TARGET = 6.0;
				"PROVISIONING_PROFILE[sdk=iphoneos*]" = "";
				SDKROOT = iphoneos;
				TARGETED_DEVICE_FAMILY = "1,2";
			};
			name = Debug;
		};
		5E605BC514A081F900853025 /* Release */ = {
			isa = XCBuildConfiguration;
			buildSettings = {
				ALWAYS_SEARCH_USER_PATHS = NO;
				ARCHS = "$(ARCHS_STANDARD_32_BIT)";
				CLANG_ENABLE_OBJC_ARC = YES;
				CLANG_WARN_OBJCPP_ARC_ABI = YES;
				"CODE_SIGN_IDENTITY[sdk=iphoneos*]" = "iPhone Developer";
				COPY_PHASE_STRIP = YES;
				GCC_C_LANGUAGE_STANDARD = gnu99;
				GCC_VERSION = com.apple.compilers.llvm.clang.1_0;
				GCC_WARN_ABOUT_MISSING_PROTOTYPES = YES;
				GCC_WARN_ABOUT_RETURN_TYPE = YES;
				GCC_WARN_UNUSED_VARIABLE = YES;
				IPHONEOS_DEPLOYMENT_TARGET = 6.0;
				OTHER_CFLAGS = "-DNS_BLOCK_ASSERTIONS=1";
				SDKROOT = iphoneos;
				TARGETED_DEVICE_FAMILY = "1,2";
				VALIDATE_PRODUCT = YES;
			};
			name = Release;
		};
		5E605BC714A081F900853025 /* Debug */ = {
			isa = XCBuildConfiguration;
			buildSettings = {
				CODE_SIGN_IDENTITY = "iPhone Developer";
				GCC_PRECOMPILE_PREFIX_HEADER = YES;
				GCC_PREFIX_HEADER = "RevealControllerProject2/Project-Prefix.pch";
				INFOPLIST_FILE = "RevealControllerProject2/RevealControllerProject-Info.plist";
				PRODUCT_NAME = "$(TARGET_NAME)";
				PROVISIONING_PROFILE = "";
				WRAPPER_EXTENSION = app;
			};
			name = Debug;
		};
		5E605BC814A081F900853025 /* Release */ = {
			isa = XCBuildConfiguration;
			buildSettings = {
				CODE_SIGN_IDENTITY = "iPhone Developer";
				GCC_PRECOMPILE_PREFIX_HEADER = YES;
				GCC_PREFIX_HEADER = "RevealControllerProject2/Project-Prefix.pch";
				INFOPLIST_FILE = "RevealControllerProject2/RevealControllerProject-Info.plist";
				PRODUCT_NAME = "$(TARGET_NAME)";
				PROVISIONING_PROFILE = "";
				WRAPPER_EXTENSION = app;
			};
			name = Release;
		};
/* End XCBuildConfiguration section */

/* Begin XCConfigurationList section */
		5E605B9F14A081F900853025 /* Build configuration list for PBXProject "RevealControllerProject2" */ = {
			isa = XCConfigurationList;
			buildConfigurations = (
				5E605BC414A081F900853025 /* Debug */,
				5E605BC514A081F900853025 /* Release */,
			);
			defaultConfigurationIsVisible = 0;
			defaultConfigurationName = Release;
		};
		5E605BC614A081F900853025 /* Build configuration list for PBXNativeTarget "RevealControllerProject" */ = {
			isa = XCConfigurationList;
			buildConfigurations = (
				5E605BC714A081F900853025 /* Debug */,
				5E605BC814A081F900853025 /* Release */,
			);
			defaultConfigurationIsVisible = 0;
			defaultConfigurationName = Release;
		};
/* End XCConfigurationList section */
	};
	rootObject = 5E605B9C14A081F900853025 /* Project object */;
}
